// !$*UTF8*$!
{
	archiveVersion = 1;
	classes = {
	};
	objectVersion = 46;
	objects = {

/* Begin PBXBuildFile section */
		4B2513C91F11CB9E00C8F2BC /* FlightCloudsView.swift in Sources */ = {isa = PBXBuildFile; fileRef = 4B2513C81F11CB9E00C8F2BC /* FlightCloudsView.swift */; };
		4B9304951F0B14AE00721977 /* VOFBAuthService.swift in Sources */ = {isa = PBXBuildFile; fileRef = 4B9304941F0B14AE00721977 /* VOFBAuthService.swift */; };
		4B9304981F0B39C800721977 /* Constants.swift in Sources */ = {isa = PBXBuildFile; fileRef = 4B9304971F0B39C800721977 /* Constants.swift */; };
		4B93049B1F0B3CB200721977 /* VOFBDataService.swift in Sources */ = {isa = PBXBuildFile; fileRef = 4B93049A1F0B3CB200721977 /* VOFBDataService.swift */; };
		4B93049D1F0B425A00721977 /* VOSignInVC.swift in Sources */ = {isa = PBXBuildFile; fileRef = 4B93049C1F0B425A00721977 /* VOSignInVC.swift */; };
		C403DD7D1F0FCC2500B70F04 /* UIButton+Extension.swift in Sources */ = {isa = PBXBuildFile; fileRef = C403DD7B1F0FC9F400B70F04 /* UIButton+Extension.swift */; };
		C4313AC01F1680290092D156 /* .gitkeep in Resources */ = {isa = PBXBuildFile; fileRef = C4313AA91F1680290092D156 /* .gitkeep */; };
		C4313AC11F1680290092D156 /* .gitkeep in Resources */ = {isa = PBXBuildFile; fileRef = C4313AAB1F1680290092D156 /* .gitkeep */; };
		C4313AC21F1680290092D156 /* GBHAppearanceManager.swift in Sources */ = {isa = PBXBuildFile; fileRef = C4313AAD1F1680290092D156 /* GBHAppearanceManager.swift */; };
		C4313AC31F1680290092D156 /* GBHAssetManager.swift in Sources */ = {isa = PBXBuildFile; fileRef = C4313AAE1F1680290092D156 /* GBHAssetManager.swift */; };
		C4313AC41F1680290092D156 /* GBHFacebookAlbumPicker.swift in Sources */ = {isa = PBXBuildFile; fileRef = C4313AAF1F1680290092D156 /* GBHFacebookAlbumPicker.swift */; };
		C4313AC51F1680290092D156 /* GBHFacebookHelper.swift in Sources */ = {isa = PBXBuildFile; fileRef = C4313AB01F1680290092D156 /* GBHFacebookHelper.swift */; };
		C4313AC61F1680290092D156 /* GBHFacebookImagePicker.swift in Sources */ = {isa = PBXBuildFile; fileRef = C4313AB11F1680290092D156 /* GBHFacebookImagePicker.swift */; };
		C4313AC71F1680290092D156 /* GBHFacebookImagePickerDelegate.swift in Sources */ = {isa = PBXBuildFile; fileRef = C4313AB21F1680290092D156 /* GBHFacebookImagePickerDelegate.swift */; };
		C4313AC81F1680290092D156 /* GBHFacebookNavigationController.swift in Sources */ = {isa = PBXBuildFile; fileRef = C4313AB31F1680290092D156 /* GBHFacebookNavigationController.swift */; };
		C4313AC91F1680290092D156 /* GBHPhotoPickerViewController.swift in Sources */ = {isa = PBXBuildFile; fileRef = C4313AB41F1680290092D156 /* GBHPhotoPickerViewController.swift */; };
		C4313ACA1F1680290092D156 /* GBHFacebookAlbum.swift in Sources */ = {isa = PBXBuildFile; fileRef = C4313AB61F1680290092D156 /* GBHFacebookAlbum.swift */; };
		C4313ACB1F1680290092D156 /* GBHFacebookImage.swift in Sources */ = {isa = PBXBuildFile; fileRef = C4313AB71F1680290092D156 /* GBHFacebookImage.swift */; };
		C4313ACC1F1680290092D156 /* GBHFacebookPickerConfig.swift in Sources */ = {isa = PBXBuildFile; fileRef = C4313AB81F1680290092D156 /* GBHFacebookPickerConfig.swift */; };
		C4313ACD1F1680290092D156 /* GBHFacebookPickerCustomError.swift in Sources */ = {isa = PBXBuildFile; fileRef = C4313AB91F1680290092D156 /* GBHFacebookPickerCustomError.swift */; };
		C4313ACE1F1680290092D156 /* GBHNotificationName.swift in Sources */ = {isa = PBXBuildFile; fileRef = C4313ABA1F1680290092D156 /* GBHNotificationName.swift */; };
		C4313ACF1F1680290092D156 /* GBHAlbumTableViewCell.swift in Sources */ = {isa = PBXBuildFile; fileRef = C4313ABC1F1680290092D156 /* GBHAlbumTableViewCell.swift */; };
		C4313AD01F1680290092D156 /* GBHImageViewAsynchLoading.swift in Sources */ = {isa = PBXBuildFile; fileRef = C4313ABD1F1680290092D156 /* GBHImageViewAsynchLoading.swift */; };
		C4313AD11F1680290092D156 /* GBHPhotoCollectionViewCell.swift in Sources */ = {isa = PBXBuildFile; fileRef = C4313ABE1F1680290092D156 /* GBHPhotoCollectionViewCell.swift */; };
		C4313AD21F1680290092D156 /* GBHSelectedView.swift in Sources */ = {isa = PBXBuildFile; fileRef = C4313ABF1F1680290092D156 /* GBHSelectedView.swift */; };
		C465181E1F13BD50000E7C03 /* VOEditProfileVC.swift in Sources */ = {isa = PBXBuildFile; fileRef = C465181D1F13BD50000E7C03 /* VOEditProfileVC.swift */; };
		C46518211F1526B7000E7C03 /* VOBaseVC.swift in Sources */ = {isa = PBXBuildFile; fileRef = C46518201F1526B7000E7C03 /* VOBaseVC.swift */; };
		C47E1ECE1F153FEA003975C1 /* UIViewController+Extension.swift in Sources */ = {isa = PBXBuildFile; fileRef = C47E1ECD1F153FEA003975C1 /* UIViewController+Extension.swift */; };
		C4AC16D21F0AE054007ECB38 /* AppDelegate.swift in Sources */ = {isa = PBXBuildFile; fileRef = C4AC16D11F0AE054007ECB38 /* AppDelegate.swift */; };
		C4AC16D71F0AE054007ECB38 /* Main.storyboard in Resources */ = {isa = PBXBuildFile; fileRef = C4AC16D51F0AE054007ECB38 /* Main.storyboard */; };
		C4AC16D91F0AE054007ECB38 /* Assets.xcassets in Resources */ = {isa = PBXBuildFile; fileRef = C4AC16D81F0AE054007ECB38 /* Assets.xcassets */; };
		C4AC16DC1F0AE054007ECB38 /* LaunchScreen.storyboard in Resources */ = {isa = PBXBuildFile; fileRef = C4AC16DA1F0AE054007ECB38 /* LaunchScreen.storyboard */; };
		C4CFCFF91F0AE5F10086D498 /* GoogleService-Info.plist in Resources */ = {isa = PBXBuildFile; fileRef = C4CFCFF81F0AE5F10086D498 /* GoogleService-Info.plist */; };
		C4CFCFFD1F0BC9E50086D498 /* VORoundButton.swift in Sources */ = {isa = PBXBuildFile; fileRef = C4CFCFFC1F0BC9E50086D498 /* VORoundButton.swift */; };
		C4CFD0001F0BFA8A0086D498 /* VOInitialVC.swift in Sources */ = {isa = PBXBuildFile; fileRef = C4CFCFFF1F0BFA8A0086D498 /* VOInitialVC.swift */; };
		C4CFD0041F0C0EE40086D498 /* VOForgotPasswordVC.swift in Sources */ = {isa = PBXBuildFile; fileRef = C4CFD0031F0C0EE40086D498 /* VOForgotPasswordVC.swift */; };
		C4CFD0071F0C12F30086D498 /* VOConfirmEmailVC.swift in Sources */ = {isa = PBXBuildFile; fileRef = C4CFD0061F0C12F30086D498 /* VOConfirmEmailVC.swift */; };
		C4DD28111F10174100F9AAF2 /* QCMethod.swift in Sources */ = {isa = PBXBuildFile; fileRef = C4DD280F1F10174100F9AAF2 /* QCMethod.swift */; };
		C4ED03231F0E8DBE00ADD0A6 /* VOUIView.swift in Sources */ = {isa = PBXBuildFile; fileRef = C4ED03221F0E8DBE00ADD0A6 /* VOUIView.swift */; };
		C4ED03261F0E94E000ADD0A6 /* VOFBUser.swift in Sources */ = {isa = PBXBuildFile; fileRef = C4ED03251F0E94E000ADD0A6 /* VOFBUser.swift */; };
		C4ED03291F0EDEB400ADD0A6 /* VOProfileVC.swift in Sources */ = {isa = PBXBuildFile; fileRef = C4ED03281F0EDEB400ADD0A6 /* VOProfileVC.swift */; };
		C4ED032B1F0EDED800ADD0A6 /* VOMyProfileVC.swift in Sources */ = {isa = PBXBuildFile; fileRef = C4ED032A1F0EDED800ADD0A6 /* VOMyProfileVC.swift */; };
		C4EEE17E1F0C1BDC00B1177B /* Extensions.swift in Sources */ = {isa = PBXBuildFile; fileRef = C4EEE17D1F0C1BDC00B1177B /* Extensions.swift */; };
		C4EEE1801F0C1F1300B1177B /* VOSignUpVC.swift in Sources */ = {isa = PBXBuildFile; fileRef = C4EEE17F1F0C1F1300B1177B /* VOSignUpVC.swift */; };
		C4EEE1851F0C248800B1177B /* Localizable.strings in Resources */ = {isa = PBXBuildFile; fileRef = C4EEE1831F0C248800B1177B /* Localizable.strings */; };
		C4EEE18C1F0C3B7600B1177B /* UIViewController+Alerts.m in Sources */ = {isa = PBXBuildFile; fileRef = C4EEE18B1F0C3B7600B1177B /* UIViewController+Alerts.m */; };
		C4EEE1941F0D681D00B1177B /* Gotham-Black.otf in Resources */ = {isa = PBXBuildFile; fileRef = C4EEE18F1F0D681D00B1177B /* Gotham-Black.otf */; };
		C4EEE1951F0D681D00B1177B /* Gotham-Bold.otf in Resources */ = {isa = PBXBuildFile; fileRef = C4EEE1901F0D681D00B1177B /* Gotham-Bold.otf */; };
		C4EEE1961F0D681D00B1177B /* Gotham-Light.otf in Resources */ = {isa = PBXBuildFile; fileRef = C4EEE1911F0D681D00B1177B /* Gotham-Light.otf */; };
		C4EEE1971F0D681D00B1177B /* Gotham-Medium.otf in Resources */ = {isa = PBXBuildFile; fileRef = C4EEE1921F0D681D00B1177B /* Gotham-Medium.otf */; };
		C4EEE1981F0D681D00B1177B /* Gotham-Ultra.otf in Resources */ = {isa = PBXBuildFile; fileRef = C4EEE1931F0D681D00B1177B /* Gotham-Ultra.otf */; };
		C4EEE19B1F0D71DC00B1177B /* VODiscoverListVC.swift in Sources */ = {isa = PBXBuildFile; fileRef = C4EEE19A1F0D71DC00B1177B /* VODiscoverListVC.swift */; };
		C4EEE19D1F0D726000B1177B /* VODiscoverTypeCell.swift in Sources */ = {isa = PBXBuildFile; fileRef = C4EEE19C1F0D726000B1177B /* VODiscoverTypeCell.swift */; };
		D32767518FF72FAD249443CB /* Pods_Voiash.framework in Frameworks */ = {isa = PBXBuildFile; fileRef = 6117376A61DC3EE56084EA46 /* Pods_Voiash.framework */; };
/* End PBXBuildFile section */

/* Begin PBXFileReference section */
		4B2513C81F11CB9E00C8F2BC /* FlightCloudsView.swift */ = {isa = PBXFileReference; fileEncoding = 4; lastKnownFileType = sourcecode.swift; name = FlightCloudsView.swift; path = Animations/FlightCloudsView.swift; sourceTree = "<group>"; };
		4B2513CF1F14879400C8F2BC /* es */ = {isa = PBXFileReference; lastKnownFileType = text.plist.strings; name = es; path = es.lproj/Main.strings; sourceTree = "<group>"; };
		4B2513D01F14879400C8F2BC /* es */ = {isa = PBXFileReference; lastKnownFileType = text.plist.strings; name = es; path = es.lproj/LaunchScreen.strings; sourceTree = "<group>"; };
		4B2513D11F14879400C8F2BC /* es */ = {isa = PBXFileReference; lastKnownFileType = text.plist.strings; name = es; path = es.lproj/Localizable.strings; sourceTree = "<group>"; };
		4B2513D31F14891B00C8F2BC /* en */ = {isa = PBXFileReference; lastKnownFileType = text.plist.strings; name = en; path = en.lproj/Main.strings; sourceTree = "<group>"; };
		4B9304941F0B14AE00721977 /* VOFBAuthService.swift */ = {isa = PBXFileReference; fileEncoding = 4; lastKnownFileType = sourcecode.swift; name = VOFBAuthService.swift; path = Firebase/VOFBAuthService.swift; sourceTree = "<group>"; };
		4B9304971F0B39C800721977 /* Constants.swift */ = {isa = PBXFileReference; fileEncoding = 4; lastKnownFileType = sourcecode.swift; name = Constants.swift; path = Utils/Constants.swift; sourceTree = "<group>"; };
		4B93049A1F0B3CB200721977 /* VOFBDataService.swift */ = {isa = PBXFileReference; fileEncoding = 4; lastKnownFileType = sourcecode.swift; name = VOFBDataService.swift; path = Firebase/VOFBDataService.swift; sourceTree = "<group>"; };
		4B93049C1F0B425A00721977 /* VOSignInVC.swift */ = {isa = PBXFileReference; fileEncoding = 4; lastKnownFileType = sourcecode.swift; name = VOSignInVC.swift; path = Controller/VOSignInVC.swift; sourceTree = "<group>"; };
		6117376A61DC3EE56084EA46 /* Pods_Voiash.framework */ = {isa = PBXFileReference; explicitFileType = wrapper.framework; includeInIndex = 0; path = Pods_Voiash.framework; sourceTree = BUILT_PRODUCTS_DIR; };
		C341E08A4A594C5BF0E74433 /* Pods-Voiash.debug.xcconfig */ = {isa = PBXFileReference; includeInIndex = 1; lastKnownFileType = text.xcconfig; name = "Pods-Voiash.debug.xcconfig"; path = "Pods/Target Support Files/Pods-Voiash/Pods-Voiash.debug.xcconfig"; sourceTree = "<group>"; };
		C403DD7B1F0FC9F400B70F04 /* UIButton+Extension.swift */ = {isa = PBXFileReference; fileEncoding = 4; lastKnownFileType = sourcecode.swift; name = "UIButton+Extension.swift"; path = "Utils/UIButton+Extension.swift"; sourceTree = "<group>"; };
		C4313AA61F167DA00092D156 /* Voiash.entitlements */ = {isa = PBXFileReference; lastKnownFileType = text.plist.entitlements; path = Voiash.entitlements; sourceTree = "<group>"; };
		C4313AA91F1680290092D156 /* .gitkeep */ = {isa = PBXFileReference; fileEncoding = 4; lastKnownFileType = text; path = .gitkeep; sourceTree = "<group>"; };
		C4313AAB1F1680290092D156 /* .gitkeep */ = {isa = PBXFileReference; fileEncoding = 4; lastKnownFileType = text; path = .gitkeep; sourceTree = "<group>"; };
		C4313AAD1F1680290092D156 /* GBHAppearanceManager.swift */ = {isa = PBXFileReference; fileEncoding = 4; lastKnownFileType = sourcecode.swift; path = GBHAppearanceManager.swift; sourceTree = "<group>"; };
		C4313AAE1F1680290092D156 /* GBHAssetManager.swift */ = {isa = PBXFileReference; fileEncoding = 4; lastKnownFileType = sourcecode.swift; path = GBHAssetManager.swift; sourceTree = "<group>"; };
		C4313AAF1F1680290092D156 /* GBHFacebookAlbumPicker.swift */ = {isa = PBXFileReference; fileEncoding = 4; lastKnownFileType = sourcecode.swift; path = GBHFacebookAlbumPicker.swift; sourceTree = "<group>"; };
		C4313AB01F1680290092D156 /* GBHFacebookHelper.swift */ = {isa = PBXFileReference; fileEncoding = 4; lastKnownFileType = sourcecode.swift; path = GBHFacebookHelper.swift; sourceTree = "<group>"; };
		C4313AB11F1680290092D156 /* GBHFacebookImagePicker.swift */ = {isa = PBXFileReference; fileEncoding = 4; lastKnownFileType = sourcecode.swift; path = GBHFacebookImagePicker.swift; sourceTree = "<group>"; };
		C4313AB21F1680290092D156 /* GBHFacebookImagePickerDelegate.swift */ = {isa = PBXFileReference; fileEncoding = 4; lastKnownFileType = sourcecode.swift; path = GBHFacebookImagePickerDelegate.swift; sourceTree = "<group>"; };
		C4313AB31F1680290092D156 /* GBHFacebookNavigationController.swift */ = {isa = PBXFileReference; fileEncoding = 4; lastKnownFileType = sourcecode.swift; path = GBHFacebookNavigationController.swift; sourceTree = "<group>"; };
		C4313AB41F1680290092D156 /* GBHPhotoPickerViewController.swift */ = {isa = PBXFileReference; fileEncoding = 4; lastKnownFileType = sourcecode.swift; path = GBHPhotoPickerViewController.swift; sourceTree = "<group>"; };
		C4313AB61F1680290092D156 /* GBHFacebookAlbum.swift */ = {isa = PBXFileReference; fileEncoding = 4; lastKnownFileType = sourcecode.swift; path = GBHFacebookAlbum.swift; sourceTree = "<group>"; };
		C4313AB71F1680290092D156 /* GBHFacebookImage.swift */ = {isa = PBXFileReference; fileEncoding = 4; lastKnownFileType = sourcecode.swift; path = GBHFacebookImage.swift; sourceTree = "<group>"; };
		C4313AB81F1680290092D156 /* GBHFacebookPickerConfig.swift */ = {isa = PBXFileReference; fileEncoding = 4; lastKnownFileType = sourcecode.swift; path = GBHFacebookPickerConfig.swift; sourceTree = "<group>"; };
		C4313AB91F1680290092D156 /* GBHFacebookPickerCustomError.swift */ = {isa = PBXFileReference; fileEncoding = 4; lastKnownFileType = sourcecode.swift; path = GBHFacebookPickerCustomError.swift; sourceTree = "<group>"; };
		C4313ABA1F1680290092D156 /* GBHNotificationName.swift */ = {isa = PBXFileReference; fileEncoding = 4; lastKnownFileType = sourcecode.swift; path = GBHNotificationName.swift; sourceTree = "<group>"; };
		C4313ABC1F1680290092D156 /* GBHAlbumTableViewCell.swift */ = {isa = PBXFileReference; fileEncoding = 4; lastKnownFileType = sourcecode.swift; path = GBHAlbumTableViewCell.swift; sourceTree = "<group>"; };
		C4313ABD1F1680290092D156 /* GBHImageViewAsynchLoading.swift */ = {isa = PBXFileReference; fileEncoding = 4; lastKnownFileType = sourcecode.swift; path = GBHImageViewAsynchLoading.swift; sourceTree = "<group>"; };
		C4313ABE1F1680290092D156 /* GBHPhotoCollectionViewCell.swift */ = {isa = PBXFileReference; fileEncoding = 4; lastKnownFileType = sourcecode.swift; path = GBHPhotoCollectionViewCell.swift; sourceTree = "<group>"; };
		C4313ABF1F1680290092D156 /* GBHSelectedView.swift */ = {isa = PBXFileReference; fileEncoding = 4; lastKnownFileType = sourcecode.swift; path = GBHSelectedView.swift; sourceTree = "<group>"; };
		C465181D1F13BD50000E7C03 /* VOEditProfileVC.swift */ = {isa = PBXFileReference; fileEncoding = 4; lastKnownFileType = sourcecode.swift; name = VOEditProfileVC.swift; path = Controller/VOEditProfileVC.swift; sourceTree = "<group>"; };
		C46518201F1526B7000E7C03 /* VOBaseVC.swift */ = {isa = PBXFileReference; fileEncoding = 4; lastKnownFileType = sourcecode.swift; name = VOBaseVC.swift; path = Controller/VOBaseVC.swift; sourceTree = "<group>"; };
		C47E1ECD1F153FEA003975C1 /* UIViewController+Extension.swift */ = {isa = PBXFileReference; fileEncoding = 4; lastKnownFileType = sourcecode.swift; name = "UIViewController+Extension.swift"; path = "Utils/UIViewController+Extension.swift"; sourceTree = "<group>"; };
		C4AC16CE1F0AE054007ECB38 /* Voiash.app */ = {isa = PBXFileReference; explicitFileType = wrapper.application; includeInIndex = 0; path = Voiash.app; sourceTree = BUILT_PRODUCTS_DIR; };
		C4AC16D11F0AE054007ECB38 /* AppDelegate.swift */ = {isa = PBXFileReference; lastKnownFileType = sourcecode.swift; path = AppDelegate.swift; sourceTree = "<group>"; };
		C4AC16D61F0AE054007ECB38 /* Base */ = {isa = PBXFileReference; lastKnownFileType = file.storyboard; name = Base; path = Base.lproj/Main.storyboard; sourceTree = "<group>"; };
		C4AC16D81F0AE054007ECB38 /* Assets.xcassets */ = {isa = PBXFileReference; lastKnownFileType = folder.assetcatalog; path = Assets.xcassets; sourceTree = "<group>"; };
		C4AC16DB1F0AE054007ECB38 /* Base */ = {isa = PBXFileReference; lastKnownFileType = file.storyboard; name = Base; path = Base.lproj/LaunchScreen.storyboard; sourceTree = "<group>"; };
		C4AC16DD1F0AE054007ECB38 /* Info.plist */ = {isa = PBXFileReference; lastKnownFileType = text.plist.xml; path = Info.plist; sourceTree = "<group>"; };
		C4CFCFF81F0AE5F10086D498 /* GoogleService-Info.plist */ = {isa = PBXFileReference; fileEncoding = 4; lastKnownFileType = text.plist.xml; path = "GoogleService-Info.plist"; sourceTree = "<group>"; };
		C4CFCFFC1F0BC9E50086D498 /* VORoundButton.swift */ = {isa = PBXFileReference; fileEncoding = 4; lastKnownFileType = sourcecode.swift; name = VORoundButton.swift; path = View/VORoundButton.swift; sourceTree = "<group>"; };
		C4CFCFFF1F0BFA8A0086D498 /* VOInitialVC.swift */ = {isa = PBXFileReference; fileEncoding = 4; lastKnownFileType = sourcecode.swift; name = VOInitialVC.swift; path = Controller/VOInitialVC.swift; sourceTree = "<group>"; };
		C4CFD0031F0C0EE40086D498 /* VOForgotPasswordVC.swift */ = {isa = PBXFileReference; fileEncoding = 4; lastKnownFileType = sourcecode.swift; name = VOForgotPasswordVC.swift; path = Controller/VOForgotPasswordVC.swift; sourceTree = "<group>"; };
		C4CFD0061F0C12F30086D498 /* VOConfirmEmailVC.swift */ = {isa = PBXFileReference; fileEncoding = 4; lastKnownFileType = sourcecode.swift; name = VOConfirmEmailVC.swift; path = Controller/VOConfirmEmailVC.swift; sourceTree = "<group>"; };
		C4DD280F1F10174100F9AAF2 /* QCMethod.swift */ = {isa = PBXFileReference; fileEncoding = 4; lastKnownFileType = sourcecode.swift; name = QCMethod.swift; path = Animations/QCMethod.swift; sourceTree = "<group>"; };
		C4ED03221F0E8DBE00ADD0A6 /* VOUIView.swift */ = {isa = PBXFileReference; fileEncoding = 4; lastKnownFileType = sourcecode.swift; name = VOUIView.swift; path = View/VOUIView.swift; sourceTree = "<group>"; };
		C4ED03251F0E94E000ADD0A6 /* VOFBUser.swift */ = {isa = PBXFileReference; fileEncoding = 4; lastKnownFileType = sourcecode.swift; name = VOFBUser.swift; path = Model/VOFBUser.swift; sourceTree = "<group>"; };
		C4ED03281F0EDEB400ADD0A6 /* VOProfileVC.swift */ = {isa = PBXFileReference; fileEncoding = 4; lastKnownFileType = sourcecode.swift; name = VOProfileVC.swift; path = Controller/VOProfileVC.swift; sourceTree = "<group>"; };
		C4ED032A1F0EDED800ADD0A6 /* VOMyProfileVC.swift */ = {isa = PBXFileReference; fileEncoding = 4; lastKnownFileType = sourcecode.swift; name = VOMyProfileVC.swift; path = Controller/VOMyProfileVC.swift; sourceTree = "<group>"; };
		C4EEE17D1F0C1BDC00B1177B /* Extensions.swift */ = {isa = PBXFileReference; fileEncoding = 4; lastKnownFileType = sourcecode.swift; name = Extensions.swift; path = Utils/Extensions.swift; sourceTree = "<group>"; };
		C4EEE17F1F0C1F1300B1177B /* VOSignUpVC.swift */ = {isa = PBXFileReference; fileEncoding = 4; lastKnownFileType = sourcecode.swift; name = VOSignUpVC.swift; path = Controller/VOSignUpVC.swift; sourceTree = "<group>"; };
		C4EEE1861F0C249100B1177B /* en */ = {isa = PBXFileReference; lastKnownFileType = text.plist.strings; name = en; path = en.lproj/Localizable.strings; sourceTree = "<group>"; };
		C4EEE1891F0C3B7500B1177B /* Voiash-Bridging-Header.h */ = {isa = PBXFileReference; lastKnownFileType = sourcecode.c.h; path = "Voiash-Bridging-Header.h"; sourceTree = "<group>"; };
		C4EEE18A1F0C3B7600B1177B /* UIViewController+Alerts.h */ = {isa = PBXFileReference; fileEncoding = 4; lastKnownFileType = sourcecode.c.h; name = "UIViewController+Alerts.h"; path = "View/UIViewController+Alerts.h"; sourceTree = "<group>"; };
		C4EEE18B1F0C3B7600B1177B /* UIViewController+Alerts.m */ = {isa = PBXFileReference; fileEncoding = 4; lastKnownFileType = sourcecode.c.objc; name = "UIViewController+Alerts.m"; path = "View/UIViewController+Alerts.m"; sourceTree = "<group>"; };
		C4EEE18F1F0D681D00B1177B /* Gotham-Black.otf */ = {isa = PBXFileReference; lastKnownFileType = file; path = "Gotham-Black.otf"; sourceTree = "<group>"; };
		C4EEE1901F0D681D00B1177B /* Gotham-Bold.otf */ = {isa = PBXFileReference; lastKnownFileType = file; path = "Gotham-Bold.otf"; sourceTree = "<group>"; };
		C4EEE1911F0D681D00B1177B /* Gotham-Light.otf */ = {isa = PBXFileReference; lastKnownFileType = file; path = "Gotham-Light.otf"; sourceTree = "<group>"; };
		C4EEE1921F0D681D00B1177B /* Gotham-Medium.otf */ = {isa = PBXFileReference; lastKnownFileType = file; path = "Gotham-Medium.otf"; sourceTree = "<group>"; };
		C4EEE1931F0D681D00B1177B /* Gotham-Ultra.otf */ = {isa = PBXFileReference; lastKnownFileType = file; path = "Gotham-Ultra.otf"; sourceTree = "<group>"; };
		C4EEE19A1F0D71DC00B1177B /* VODiscoverListVC.swift */ = {isa = PBXFileReference; fileEncoding = 4; lastKnownFileType = sourcecode.swift; name = VODiscoverListVC.swift; path = Controller/VODiscoverListVC.swift; sourceTree = "<group>"; };
		C4EEE19C1F0D726000B1177B /* VODiscoverTypeCell.swift */ = {isa = PBXFileReference; fileEncoding = 4; lastKnownFileType = sourcecode.swift; name = VODiscoverTypeCell.swift; path = View/VODiscoverTypeCell.swift; sourceTree = "<group>"; };
		E7B3FF1D15D74988D54DE0A5 /* Pods-Voiash.release.xcconfig */ = {isa = PBXFileReference; includeInIndex = 1; lastKnownFileType = text.xcconfig; name = "Pods-Voiash.release.xcconfig"; path = "Pods/Target Support Files/Pods-Voiash/Pods-Voiash.release.xcconfig"; sourceTree = "<group>"; };
/* End PBXFileReference section */

/* Begin PBXFrameworksBuildPhase section */
		C4AC16CB1F0AE054007ECB38 /* Frameworks */ = {
			isa = PBXFrameworksBuildPhase;
			buildActionMask = 2147483647;
			files = (
				D32767518FF72FAD249443CB /* Pods_Voiash.framework in Frameworks */,
			);
			runOnlyForDeploymentPostprocessing = 0;
		};
/* End PBXFrameworksBuildPhase section */

/* Begin PBXGroup section */
		0290224E4A1E2EFA81E334FE /* Pods */ = {
			isa = PBXGroup;
			children = (
				C341E08A4A594C5BF0E74433 /* Pods-Voiash.debug.xcconfig */,
				E7B3FF1D15D74988D54DE0A5 /* Pods-Voiash.release.xcconfig */,
			);
			name = Pods;
			sourceTree = "<group>";
		};
		33B27F99D1604831E2BE64F2 /* Frameworks */ = {
			isa = PBXGroup;
			children = (
				6117376A61DC3EE56084EA46 /* Pods_Voiash.framework */,
			);
			name = Frameworks;
			sourceTree = "<group>";
		};
		4B9304961F0B14B200721977 /* Firebase */ = {
			isa = PBXGroup;
			children = (
				4B9304941F0B14AE00721977 /* VOFBAuthService.swift */,
				4B93049A1F0B3CB200721977 /* VOFBDataService.swift */,
			);
			name = Firebase;
			sourceTree = "<group>";
		};
		4B9304991F0B39CC00721977 /* Utils */ = {
			isa = PBXGroup;
			children = (
				C4313AA71F1680290092D156 /* GBHFacebookImagePicker */,
				4B9304971F0B39C800721977 /* Constants.swift */,
			);
			name = Utils;
			sourceTree = "<group>";
		};
		4B93049E1F0B425F00721977 /* Controller */ = {
			isa = PBXGroup;
			children = (
				C465181F1F152699000E7C03 /* BaseVC */,
				C4ED03271F0EDE8B00ADD0A6 /* Profile */,
				C4EEE1991F0D6E8300B1177B /* Discover */,
				C4CFD0051F0C0EF20086D498 /* Welcome SignIn */,
			);
			name = Controller;
			sourceTree = "<group>";
		};
		C403DD7A1F0FC9DF00B70F04 /* Extensions */ = {
			isa = PBXGroup;
			children = (
				C4EEE17D1F0C1BDC00B1177B /* Extensions.swift */,
				C403DD7B1F0FC9F400B70F04 /* UIButton+Extension.swift */,
				C47E1ECD1F153FEA003975C1 /* UIViewController+Extension.swift */,
			);
			name = Extensions;
			sourceTree = "<group>";
		};
		C4313AA71F1680290092D156 /* GBHFacebookImagePicker */ = {
			isa = PBXGroup;
			children = (
				C4313AA81F1680290092D156 /* Assets */,
				C4313AAA1F1680290092D156 /* Classes */,
			);
			path = GBHFacebookImagePicker;
			sourceTree = "<group>";
		};
		C4313AA81F1680290092D156 /* Assets */ = {
			isa = PBXGroup;
			children = (
				C4313AA91F1680290092D156 /* .gitkeep */,
			);
			path = Assets;
			sourceTree = "<group>";
		};
		C4313AAA1F1680290092D156 /* Classes */ = {
			isa = PBXGroup;
			children = (
				C4313AAB1F1680290092D156 /* .gitkeep */,
				C4313AAC1F1680290092D156 /* Controller */,
				C4313AB51F1680290092D156 /* Model */,
				C4313ABB1F1680290092D156 /* View */,
			);
			path = Classes;
			sourceTree = "<group>";
		};
		C4313AAC1F1680290092D156 /* Controller */ = {
			isa = PBXGroup;
			children = (
				C4313AAD1F1680290092D156 /* GBHAppearanceManager.swift */,
				C4313AAE1F1680290092D156 /* GBHAssetManager.swift */,
				C4313AAF1F1680290092D156 /* GBHFacebookAlbumPicker.swift */,
				C4313AB01F1680290092D156 /* GBHFacebookHelper.swift */,
				C4313AB11F1680290092D156 /* GBHFacebookImagePicker.swift */,
				C4313AB21F1680290092D156 /* GBHFacebookImagePickerDelegate.swift */,
				C4313AB31F1680290092D156 /* GBHFacebookNavigationController.swift */,
				C4313AB41F1680290092D156 /* GBHPhotoPickerViewController.swift */,
			);
			path = Controller;
			sourceTree = "<group>";
		};
		C4313AB51F1680290092D156 /* Model */ = {
			isa = PBXGroup;
			children = (
				C4313AB61F1680290092D156 /* GBHFacebookAlbum.swift */,
				C4313AB71F1680290092D156 /* GBHFacebookImage.swift */,
				C4313AB81F1680290092D156 /* GBHFacebookPickerConfig.swift */,
				C4313AB91F1680290092D156 /* GBHFacebookPickerCustomError.swift */,
				C4313ABA1F1680290092D156 /* GBHNotificationName.swift */,
			);
			path = Model;
			sourceTree = "<group>";
		};
		C4313ABB1F1680290092D156 /* View */ = {
			isa = PBXGroup;
			children = (
				C4313ABC1F1680290092D156 /* GBHAlbumTableViewCell.swift */,
				C4313ABD1F1680290092D156 /* GBHImageViewAsynchLoading.swift */,
				C4313ABE1F1680290092D156 /* GBHPhotoCollectionViewCell.swift */,
				C4313ABF1F1680290092D156 /* GBHSelectedView.swift */,
			);
			path = View;
			sourceTree = "<group>";
		};
		C465181F1F152699000E7C03 /* BaseVC */ = {
			isa = PBXGroup;
			children = (
				C46518201F1526B7000E7C03 /* VOBaseVC.swift */,
			);
			name = BaseVC;
			sourceTree = "<group>";
		};
		C4AC16C51F0AE054007ECB38 = {
			isa = PBXGroup;
			children = (
				C4AC16D01F0AE054007ECB38 /* Voiash */,
				C4AC16CF1F0AE054007ECB38 /* Products */,
				0290224E4A1E2EFA81E334FE /* Pods */,
				33B27F99D1604831E2BE64F2 /* Frameworks */,
			);
			sourceTree = "<group>";
		};
		C4AC16CF1F0AE054007ECB38 /* Products */ = {
			isa = PBXGroup;
			children = (
				C4AC16CE1F0AE054007ECB38 /* Voiash.app */,
			);
			name = Products;
			sourceTree = "<group>";
		};
		C4AC16D01F0AE054007ECB38 /* Voiash */ = {
			isa = PBXGroup;
			children = (
				C4313AA61F167DA00092D156 /* Voiash.entitlements */,
				C4DD280D1F10170F00F9AAF2 /* Animations */,
				C403DD7A1F0FC9DF00B70F04 /* Extensions */,
				C4ED03241F0E94C100ADD0A6 /* Model */,
				4B9304991F0B39CC00721977 /* Utils */,
				4B9304961F0B14B200721977 /* Firebase */,
				4B93049E1F0B425F00721977 /* Controller */,
				C4CFCFFE1F0BC9E90086D498 /* View */,
				C4AC16D11F0AE054007ECB38 /* AppDelegate.swift */,
				C4EEE18D1F0D67E800B1177B /* Resources */,
				C4AC16D81F0AE054007ECB38 /* Assets.xcassets */,
				C4CFCFF81F0AE5F10086D498 /* GoogleService-Info.plist */,
				C4AC16DD1F0AE054007ECB38 /* Info.plist */,
				C4EEE1891F0C3B7500B1177B /* Voiash-Bridging-Header.h */,
			);
			path = Voiash;
			sourceTree = "<group>";
		};
		C4CFCFFE1F0BC9E90086D498 /* View */ = {
			isa = PBXGroup;
			children = (
				C4CFCFFC1F0BC9E50086D498 /* VORoundButton.swift */,
				C4EEE18A1F0C3B7600B1177B /* UIViewController+Alerts.h */,
				C4EEE18B1F0C3B7600B1177B /* UIViewController+Alerts.m */,
				C4EEE19E1F0D726D00B1177B /* Discover Cells */,
				C4ED03221F0E8DBE00ADD0A6 /* VOUIView.swift */,
			);
			name = View;
			sourceTree = "<group>";
		};
		C4CFD0051F0C0EF20086D498 /* Welcome SignIn */ = {
			isa = PBXGroup;
			children = (
				4B93049C1F0B425A00721977 /* VOSignInVC.swift */,
				C4CFCFFF1F0BFA8A0086D498 /* VOInitialVC.swift */,
				C4CFD0031F0C0EE40086D498 /* VOForgotPasswordVC.swift */,
				C4CFD0061F0C12F30086D498 /* VOConfirmEmailVC.swift */,
				C4EEE17F1F0C1F1300B1177B /* VOSignUpVC.swift */,
			);
			name = "Welcome SignIn";
			sourceTree = "<group>";
		};
		C4DD280D1F10170F00F9AAF2 /* Animations */ = {
			isa = PBXGroup;
			children = (
				C4DD280F1F10174100F9AAF2 /* QCMethod.swift */,
				4B2513C81F11CB9E00C8F2BC /* FlightCloudsView.swift */,
			);
			name = Animations;
			sourceTree = "<group>";
		};
		C4ED03241F0E94C100ADD0A6 /* Model */ = {
			isa = PBXGroup;
			children = (
				C4ED03251F0E94E000ADD0A6 /* VOFBUser.swift */,
			);
			name = Model;
			sourceTree = "<group>";
		};
		C4ED03271F0EDE8B00ADD0A6 /* Profile */ = {
			isa = PBXGroup;
			children = (
				C4ED03281F0EDEB400ADD0A6 /* VOProfileVC.swift */,
				C4ED032A1F0EDED800ADD0A6 /* VOMyProfileVC.swift */,
				C465181D1F13BD50000E7C03 /* VOEditProfileVC.swift */,
			);
			name = Profile;
			sourceTree = "<group>";
		};
		C4EEE18D1F0D67E800B1177B /* Resources */ = {
			isa = PBXGroup;
			children = (
				C4EEE18E1F0D681D00B1177B /* gotham */,
				C4AC16D51F0AE054007ECB38 /* Main.storyboard */,
				C4AC16DA1F0AE054007ECB38 /* LaunchScreen.storyboard */,
				C4EEE1831F0C248800B1177B /* Localizable.strings */,
			);
			name = Resources;
			sourceTree = "<group>";
		};
		C4EEE18E1F0D681D00B1177B /* gotham */ = {
			isa = PBXGroup;
			children = (
				C4EEE18F1F0D681D00B1177B /* Gotham-Black.otf */,
				C4EEE1901F0D681D00B1177B /* Gotham-Bold.otf */,
				C4EEE1911F0D681D00B1177B /* Gotham-Light.otf */,
				C4EEE1921F0D681D00B1177B /* Gotham-Medium.otf */,
				C4EEE1931F0D681D00B1177B /* Gotham-Ultra.otf */,
			);
			path = gotham;
			sourceTree = "<group>";
		};
		C4EEE1991F0D6E8300B1177B /* Discover */ = {
			isa = PBXGroup;
			children = (
				C4EEE19A1F0D71DC00B1177B /* VODiscoverListVC.swift */,
			);
			name = Discover;
			sourceTree = "<group>";
		};
		C4EEE19E1F0D726D00B1177B /* Discover Cells */ = {
			isa = PBXGroup;
			children = (
				C4EEE19C1F0D726000B1177B /* VODiscoverTypeCell.swift */,
			);
			name = "Discover Cells";
			sourceTree = "<group>";
		};
/* End PBXGroup section */

/* Begin PBXNativeTarget section */
		C4AC16CD1F0AE054007ECB38 /* Voiash */ = {
			isa = PBXNativeTarget;
			buildConfigurationList = C4AC16E01F0AE054007ECB38 /* Build configuration list for PBXNativeTarget "Voiash" */;
			buildPhases = (
				EF3724840FCE26AF4FBECFC5 /* [CP] Check Pods Manifest.lock */,
				C4AC16CA1F0AE054007ECB38 /* Sources */,
				C4AC16CB1F0AE054007ECB38 /* Frameworks */,
				C4AC16CC1F0AE054007ECB38 /* Resources */,
				B2C4B4B2CCB5C23F4C8DCD46 /* [CP] Embed Pods Frameworks */,
				51D308ABE2B60971D7461984 /* [CP] Copy Pods Resources */,
			);
			buildRules = (
			);
			dependencies = (
			);
			name = Voiash;
			productName = Voiash;
			productReference = C4AC16CE1F0AE054007ECB38 /* Voiash.app */;
			productType = "com.apple.product-type.application";
		};
/* End PBXNativeTarget section */

/* Begin PBXProject section */
		C4AC16C61F0AE054007ECB38 /* Project object */ = {
			isa = PBXProject;
			attributes = {
				CLASSPREFIX = VO;
				LastSwiftUpdateCheck = 0830;
				LastUpgradeCheck = 0830;
				ORGANIZATIONNAME = "Pitaya Estudio";
				TargetAttributes = {
					C4AC16CD1F0AE054007ECB38 = {
						CreatedOnToolsVersion = 8.3.3;
						DevelopmentTeam = KYGAYFGEX5;
						LastSwiftMigration = 0830;
						ProvisioningStyle = Automatic;
						SystemCapabilities = {
							com.apple.Keychain = {
								enabled = 1;
							};
						};
					};
				};
			};
			buildConfigurationList = C4AC16C91F0AE054007ECB38 /* Build configuration list for PBXProject "Voiash" */;
			compatibilityVersion = "Xcode 3.2";
			developmentRegion = English;
			hasScannedForEncodings = 0;
			knownRegions = (
				en,
				Base,
				es,
			);
			mainGroup = C4AC16C51F0AE054007ECB38;
			productRefGroup = C4AC16CF1F0AE054007ECB38 /* Products */;
			projectDirPath = "";
			projectRoot = "";
			targets = (
				C4AC16CD1F0AE054007ECB38 /* Voiash */,
			);
		};
/* End PBXProject section */

/* Begin PBXResourcesBuildPhase section */
		C4AC16CC1F0AE054007ECB38 /* Resources */ = {
			isa = PBXResourcesBuildPhase;
			buildActionMask = 2147483647;
			files = (
				C4EEE1981F0D681D00B1177B /* Gotham-Ultra.otf in Resources */,
				C4EEE1971F0D681D00B1177B /* Gotham-Medium.otf in Resources */,
				C4313AC01F1680290092D156 /* .gitkeep in Resources */,
				C4313AC11F1680290092D156 /* .gitkeep in Resources */,
				C4EEE1851F0C248800B1177B /* Localizable.strings in Resources */,
				C4EEE1951F0D681D00B1177B /* Gotham-Bold.otf in Resources */,
				C4EEE1941F0D681D00B1177B /* Gotham-Black.otf in Resources */,
				C4CFCFF91F0AE5F10086D498 /* GoogleService-Info.plist in Resources */,
				C4EEE1961F0D681D00B1177B /* Gotham-Light.otf in Resources */,
				C4AC16DC1F0AE054007ECB38 /* LaunchScreen.storyboard in Resources */,
				C4AC16D91F0AE054007ECB38 /* Assets.xcassets in Resources */,
				C4AC16D71F0AE054007ECB38 /* Main.storyboard in Resources */,
			);
			runOnlyForDeploymentPostprocessing = 0;
		};
/* End PBXResourcesBuildPhase section */

/* Begin PBXShellScriptBuildPhase section */
		51D308ABE2B60971D7461984 /* [CP] Copy Pods Resources */ = {
			isa = PBXShellScriptBuildPhase;
			buildActionMask = 2147483647;
			files = (
			);
			inputPaths = (
			);
			name = "[CP] Copy Pods Resources";
			outputPaths = (
			);
			runOnlyForDeploymentPostprocessing = 0;
			shellPath = /bin/sh;
			shellScript = "\"${SRCROOT}/Pods/Target Support Files/Pods-Voiash/Pods-Voiash-resources.sh\"\n";
			showEnvVarsInLog = 0;
		};
		B2C4B4B2CCB5C23F4C8DCD46 /* [CP] Embed Pods Frameworks */ = {
			isa = PBXShellScriptBuildPhase;
			buildActionMask = 2147483647;
			files = (
			);
			inputPaths = (
			);
			name = "[CP] Embed Pods Frameworks";
			outputPaths = (
			);
			runOnlyForDeploymentPostprocessing = 0;
			shellPath = /bin/sh;
			shellScript = "\"${SRCROOT}/Pods/Target Support Files/Pods-Voiash/Pods-Voiash-frameworks.sh\"\n";
			showEnvVarsInLog = 0;
		};
		EF3724840FCE26AF4FBECFC5 /* [CP] Check Pods Manifest.lock */ = {
			isa = PBXShellScriptBuildPhase;
			buildActionMask = 2147483647;
			files = (
			);
			inputPaths = (
			);
			name = "[CP] Check Pods Manifest.lock";
			outputPaths = (
			);
			runOnlyForDeploymentPostprocessing = 0;
			shellPath = /bin/sh;
			shellScript = "diff \"${PODS_ROOT}/../Podfile.lock\" \"${PODS_ROOT}/Manifest.lock\" > /dev/null\nif [ $? != 0 ] ; then\n    # print error to STDERR\n    echo \"error: The sandbox is not in sync with the Podfile.lock. Run 'pod install' or update your CocoaPods installation.\" >&2\n    exit 1\nfi\n";
			showEnvVarsInLog = 0;
		};
/* End PBXShellScriptBuildPhase section */

/* Begin PBXSourcesBuildPhase section */
		C4AC16CA1F0AE054007ECB38 /* Sources */ = {
			isa = PBXSourcesBuildPhase;
			buildActionMask = 2147483647;
			files = (
				C4313AC71F1680290092D156 /* GBHFacebookImagePickerDelegate.swift in Sources */,
				C47E1ECE1F153FEA003975C1 /* UIViewController+Extension.swift in Sources */,
				4B9304951F0B14AE00721977 /* VOFBAuthService.swift in Sources */,
				C465181E1F13BD50000E7C03 /* VOEditProfileVC.swift in Sources */,
				C403DD7D1F0FCC2500B70F04 /* UIButton+Extension.swift in Sources */,
				C4313AC21F1680290092D156 /* GBHAppearanceManager.swift in Sources */,
				C4313AC51F1680290092D156 /* GBHFacebookHelper.swift in Sources */,
				C4EEE19D1F0D726000B1177B /* VODiscoverTypeCell.swift in Sources */,
				C4313AC31F1680290092D156 /* GBHAssetManager.swift in Sources */,
				C4313ACA1F1680290092D156 /* GBHFacebookAlbum.swift in Sources */,
				C4313AC91F1680290092D156 /* GBHPhotoPickerViewController.swift in Sources */,
				C4313ACE1F1680290092D156 /* GBHNotificationName.swift in Sources */,
				C4CFCFFD1F0BC9E50086D498 /* VORoundButton.swift in Sources */,
				C4313ACF1F1680290092D156 /* GBHAlbumTableViewCell.swift in Sources */,
				C4313AD01F1680290092D156 /* GBHImageViewAsynchLoading.swift in Sources */,
				C4ED03291F0EDEB400ADD0A6 /* VOProfileVC.swift in Sources */,
				C4DD28111F10174100F9AAF2 /* QCMethod.swift in Sources */,
				C4CFD0071F0C12F30086D498 /* VOConfirmEmailVC.swift in Sources */,
				C46518211F1526B7000E7C03 /* VOBaseVC.swift in Sources */,
				C4EEE19B1F0D71DC00B1177B /* VODiscoverListVC.swift in Sources */,
				C4313ACB1F1680290092D156 /* GBHFacebookImage.swift in Sources */,
				C4ED03261F0E94E000ADD0A6 /* VOFBUser.swift in Sources */,
				4B2513C91F11CB9E00C8F2BC /* FlightCloudsView.swift in Sources */,
				C4EEE18C1F0C3B7600B1177B /* UIViewController+Alerts.m in Sources */,
				4B93049D1F0B425A00721977 /* VOSignInVC.swift in Sources */,
				C4AC16D21F0AE054007ECB38 /* AppDelegate.swift in Sources */,
				C4ED03231F0E8DBE00ADD0A6 /* VOUIView.swift in Sources */,
				C4EEE17E1F0C1BDC00B1177B /* Extensions.swift in Sources */,
				4B9304981F0B39C800721977 /* Constants.swift in Sources */,
				C4313ACC1F1680290092D156 /* GBHFacebookPickerConfig.swift in Sources */,
				C4313ACD1F1680290092D156 /* GBHFacebookPickerCustomError.swift in Sources */,
				C4ED032B1F0EDED800ADD0A6 /* VOMyProfileVC.swift in Sources */,
				C4313AC61F1680290092D156 /* GBHFacebookImagePicker.swift in Sources */,
				C4EEE1801F0C1F1300B1177B /* VOSignUpVC.swift in Sources */,
				C4313AD21F1680290092D156 /* GBHSelectedView.swift in Sources */,
				C4313AD11F1680290092D156 /* GBHPhotoCollectionViewCell.swift in Sources */,
				C4CFD0041F0C0EE40086D498 /* VOForgotPasswordVC.swift in Sources */,
				4B93049B1F0B3CB200721977 /* VOFBDataService.swift in Sources */,
				C4CFD0001F0BFA8A0086D498 /* VOInitialVC.swift in Sources */,
				C4313AC81F1680290092D156 /* GBHFacebookNavigationController.swift in Sources */,
				C4313AC41F1680290092D156 /* GBHFacebookAlbumPicker.swift in Sources */,
			);
			runOnlyForDeploymentPostprocessing = 0;
		};
/* End PBXSourcesBuildPhase section */

/* Begin PBXVariantGroup section */
		C4AC16D51F0AE054007ECB38 /* Main.storyboard */ = {
			isa = PBXVariantGroup;
			children = (
				C4AC16D61F0AE054007ECB38 /* Base */,
				4B2513CF1F14879400C8F2BC /* es */,
				4B2513D31F14891B00C8F2BC /* en */,
			);
			name = Main.storyboard;
			sourceTree = "<group>";
		};
		C4AC16DA1F0AE054007ECB38 /* LaunchScreen.storyboard */ = {
			isa = PBXVariantGroup;
			children = (
				C4AC16DB1F0AE054007ECB38 /* Base */,
				4B2513D01F14879400C8F2BC /* es */,
			);
			name = LaunchScreen.storyboard;
			sourceTree = "<group>";
		};
		C4EEE1831F0C248800B1177B /* Localizable.strings */ = {
			isa = PBXVariantGroup;
			children = (
				C4EEE1861F0C249100B1177B /* en */,
				4B2513D11F14879400C8F2BC /* es */,
			);
			name = Localizable.strings;
			sourceTree = "<group>";
		};
/* End PBXVariantGroup section */

/* Begin XCBuildConfiguration section */
		C4AC16DE1F0AE054007ECB38 /* Debug */ = {
			isa = XCBuildConfiguration;
			buildSettings = {
				ALWAYS_SEARCH_USER_PATHS = NO;
				CLANG_ANALYZER_LOCALIZABILITY_NONLOCALIZED = YES;
				CLANG_ANALYZER_NONNULL = YES;
				CLANG_ANALYZER_NUMBER_OBJECT_CONVERSION = YES_AGGRESSIVE;
				CLANG_CXX_LANGUAGE_STANDARD = "gnu++0x";
				CLANG_CXX_LIBRARY = "libc++";
				CLANG_ENABLE_MODULES = YES;
				CLANG_ENABLE_OBJC_ARC = YES;
				CLANG_WARN_BOOL_CONVERSION = YES;
				CLANG_WARN_CONSTANT_CONVERSION = YES;
				CLANG_WARN_DIRECT_OBJC_ISA_USAGE = YES_ERROR;
				CLANG_WARN_DOCUMENTATION_COMMENTS = YES;
				CLANG_WARN_EMPTY_BODY = YES;
				CLANG_WARN_ENUM_CONVERSION = YES;
				CLANG_WARN_INFINITE_RECURSION = YES;
				CLANG_WARN_INT_CONVERSION = YES;
				CLANG_WARN_OBJC_ROOT_CLASS = YES_ERROR;
				CLANG_WARN_SUSPICIOUS_MOVE = YES;
				CLANG_WARN_UNREACHABLE_CODE = YES;
				CLANG_WARN__DUPLICATE_METHOD_MATCH = YES;
				"CODE_SIGN_IDENTITY[sdk=iphoneos*]" = "iPhone Developer";
				COPY_PHASE_STRIP = NO;
				DEBUG_INFORMATION_FORMAT = dwarf;
				ENABLE_STRICT_OBJC_MSGSEND = YES;
				ENABLE_TESTABILITY = YES;
				GCC_C_LANGUAGE_STANDARD = gnu99;
				GCC_DYNAMIC_NO_PIC = NO;
				GCC_NO_COMMON_BLOCKS = YES;
				GCC_OPTIMIZATION_LEVEL = 0;
				GCC_PREPROCESSOR_DEFINITIONS = (
					"DEBUG=1",
					"$(inherited)",
				);
				GCC_WARN_64_TO_32_BIT_CONVERSION = YES;
				GCC_WARN_ABOUT_RETURN_TYPE = YES_ERROR;
				GCC_WARN_UNDECLARED_SELECTOR = YES;
				GCC_WARN_UNINITIALIZED_AUTOS = YES_AGGRESSIVE;
				GCC_WARN_UNUSED_FUNCTION = YES;
				GCC_WARN_UNUSED_VARIABLE = YES;
				IPHONEOS_DEPLOYMENT_TARGET = 10.3;
				MTL_ENABLE_DEBUG_INFO = YES;
				ONLY_ACTIVE_ARCH = YES;
				SDKROOT = iphoneos;
				SWIFT_ACTIVE_COMPILATION_CONDITIONS = DEBUG;
				SWIFT_OPTIMIZATION_LEVEL = "-Onone";
			};
			name = Debug;
		};
		C4AC16DF1F0AE054007ECB38 /* Release */ = {
			isa = XCBuildConfiguration;
			buildSettings = {
				ALWAYS_SEARCH_USER_PATHS = NO;
				CLANG_ANALYZER_LOCALIZABILITY_NONLOCALIZED = YES;
				CLANG_ANALYZER_NONNULL = YES;
				CLANG_ANALYZER_NUMBER_OBJECT_CONVERSION = YES_AGGRESSIVE;
				CLANG_CXX_LANGUAGE_STANDARD = "gnu++0x";
				CLANG_CXX_LIBRARY = "libc++";
				CLANG_ENABLE_MODULES = YES;
				CLANG_ENABLE_OBJC_ARC = YES;
				CLANG_WARN_BOOL_CONVERSION = YES;
				CLANG_WARN_CONSTANT_CONVERSION = YES;
				CLANG_WARN_DIRECT_OBJC_ISA_USAGE = YES_ERROR;
				CLANG_WARN_DOCUMENTATION_COMMENTS = YES;
				CLANG_WARN_EMPTY_BODY = YES;
				CLANG_WARN_ENUM_CONVERSION = YES;
				CLANG_WARN_INFINITE_RECURSION = YES;
				CLANG_WARN_INT_CONVERSION = YES;
				CLANG_WARN_OBJC_ROOT_CLASS = YES_ERROR;
				CLANG_WARN_SUSPICIOUS_MOVE = YES;
				CLANG_WARN_UNREACHABLE_CODE = YES;
				CLANG_WARN__DUPLICATE_METHOD_MATCH = YES;
				"CODE_SIGN_IDENTITY[sdk=iphoneos*]" = "iPhone Developer";
				COPY_PHASE_STRIP = NO;
				DEBUG_INFORMATION_FORMAT = "dwarf-with-dsym";
				ENABLE_NS_ASSERTIONS = NO;
				ENABLE_STRICT_OBJC_MSGSEND = YES;
				GCC_C_LANGUAGE_STANDARD = gnu99;
				GCC_NO_COMMON_BLOCKS = YES;
				GCC_WARN_64_TO_32_BIT_CONVERSION = YES;
				GCC_WARN_ABOUT_RETURN_TYPE = YES_ERROR;
				GCC_WARN_UNDECLARED_SELECTOR = YES;
				GCC_WARN_UNINITIALIZED_AUTOS = YES_AGGRESSIVE;
				GCC_WARN_UNUSED_FUNCTION = YES;
				GCC_WARN_UNUSED_VARIABLE = YES;
				IPHONEOS_DEPLOYMENT_TARGET = 10.3;
				MTL_ENABLE_DEBUG_INFO = NO;
				SDKROOT = iphoneos;
				SWIFT_OPTIMIZATION_LEVEL = "-Owholemodule";
				VALIDATE_PRODUCT = YES;
			};
			name = Release;
		};
		C4AC16E11F0AE054007ECB38 /* Debug */ = {
			isa = XCBuildConfiguration;
			baseConfigurationReference = C341E08A4A594C5BF0E74433 /* Pods-Voiash.debug.xcconfig */;
			buildSettings = {
				ASSETCATALOG_COMPILER_APPICON_NAME = AppIcon;
				CLANG_ENABLE_MODULES = YES;
				CODE_SIGN_ENTITLEMENTS = Voiash/Voiash.entitlements;
				"CODE_SIGN_IDENTITY[sdk=iphoneos*]" = "iPhone Developer";
				DEVELOPMENT_TEAM = KYGAYFGEX5;
				INFOPLIST_FILE = Voiash/Info.plist;
				LD_RUNPATH_SEARCH_PATHS = "$(inherited) @executable_path/Frameworks";
				PRODUCT_BUNDLE_IDENTIFIER = com.pitaya.Voiash;
				PRODUCT_NAME = "$(TARGET_NAME)";
				PROVISIONING_PROFILE = "";
				PROVISIONING_PROFILE_SPECIFIER = "";
				SWIFT_OBJC_BRIDGING_HEADER = "Voiash/Voiash-Bridging-Header.h";
				SWIFT_OPTIMIZATION_LEVEL = "-Onone";
				SWIFT_VERSION = 3.0;
			};
			name = Debug;
		};
		C4AC16E21F0AE054007ECB38 /* Release */ = {
			isa = XCBuildConfiguration;
			baseConfigurationReference = E7B3FF1D15D74988D54DE0A5 /* Pods-Voiash.release.xcconfig */;
			buildSettings = {
				ASSETCATALOG_COMPILER_APPICON_NAME = AppIcon;
				CLANG_ENABLE_MODULES = YES;
				CODE_SIGN_ENTITLEMENTS = Voiash/Voiash.entitlements;
				"CODE_SIGN_IDENTITY[sdk=iphoneos*]" = "iPhone Developer";
				DEVELOPMENT_TEAM = KYGAYFGEX5;
				INFOPLIST_FILE = Voiash/Info.plist;
				LD_RUNPATH_SEARCH_PATHS = "$(inherited) @executable_path/Frameworks";
				PRODUCT_BUNDLE_IDENTIFIER = com.pitaya.Voiash;
				PRODUCT_NAME = "$(TARGET_NAME)";
				PROVISIONING_PROFILE = "";
				PROVISIONING_PROFILE_SPECIFIER = "";
				SWIFT_OBJC_BRIDGING_HEADER = "Voiash/Voiash-Bridging-Header.h";
				SWIFT_VERSION = 3.0;
			};
			name = Release;
		};
/* End XCBuildConfiguration section */

/* Begin XCConfigurationList section */
		C4AC16C91F0AE054007ECB38 /* Build configuration list for PBXProject "Voiash" */ = {
			isa = XCConfigurationList;
			buildConfigurations = (
				C4AC16DE1F0AE054007ECB38 /* Debug */,
				C4AC16DF1F0AE054007ECB38 /* Release */,
			);
			defaultConfigurationIsVisible = 0;
			defaultConfigurationName = Release;
		};
		C4AC16E01F0AE054007ECB38 /* Build configuration list for PBXNativeTarget "Voiash" */ = {
			isa = XCConfigurationList;
			buildConfigurations = (
				C4AC16E11F0AE054007ECB38 /* Debug */,
				C4AC16E21F0AE054007ECB38 /* Release */,
			);
			defaultConfigurationIsVisible = 0;
			defaultConfigurationName = Release;
		};
/* End XCConfigurationList section */
	};
	rootObject = C4AC16C61F0AE054007ECB38 /* Project object */;
}
